# This file is automatically @generated by Poetry 1.5.0 and should not be changed by hand.

[[package]]
name = "pypdf"
version = "3.10.0"
description = "A pure-python PDF library capable of splitting, merging, cropping, and transforming PDF files"
optional = false
python-versions = ">=3.6"
files = [
    {file = "pypdf-3.10.0-py3-none-any.whl", hash = "sha256:af28f36eeb5bcde26b4f9db9cc9df00610e8e5904d997e3141132e7768ff9247"},
    {file = "pypdf-3.10.0.tar.gz", hash = "sha256:bc15457f1f9767532d51546300a9226f745fee8d9acf626fcfcf42af77ad342c"},
]

[package.dependencies]
typing_extensions = {version = ">=3.10.0.0", markers = "python_version < \"3.10\""}

[package.extras]
crypto = ["PyCryptodome"]
dev = ["black", "flit", "pip-tools", "pre-commit (<2.18.0)", "pytest-cov", "pytest-socket", "wheel"]
docs = ["myst_parser", "sphinx", "sphinx_rtd_theme"]
full = ["Pillow", "PyCryptodome"]
image = ["Pillow"]

[[package]]
name = "typing-extensions"
version = "4.6.3"
description = "Backported and Experimental Type Hints for Python 3.7+"
optional = false
python-versions = ">=3.7"
files = [
    {file = "typing_extensions-4.6.3-py3-none-any.whl", hash = "sha256:88a4153d8505aabbb4e13aacb7c486c2b4a33ca3b3f807914a9b4c844c471c26"},
    {file = "typing_extensions-4.6.3.tar.gz", hash = "sha256:d91d5919357fe7f681a9f2b5b4cb2a5f1ef0a1e9f59c4d8ff0d3491e05c0ffd5"},
]

[metadata]
lock-version = "2.0"
python-versions = "^3.9"
content-hash = "5e5f866de04e66725d9984b1affaa604d0a3dcfbf28218a7333b4edaba34cafd"
